// !$*UTF8*$!
{
	archiveVersion = 1;
	classes = {
	};
	objectVersion = 77;
	objects = {

/* Begin PBXContainerItemProxy section */
		1B2CF73D2D9C340D000E922B /* PBXContainerItemProxy */ = {
			isa = PBXContainerItemProxy;
			containerPortal = 1B2CF7242D9C3407000E922B /* Project object */;
			proxyType = 1;
			remoteGlobalIDString = 1B2CF72B2D9C3407000E922B;
			remoteInfo = JewelMaster;
		};
		1B2CF7472D9C340D000E922B /* PBXContainerItemProxy */ = {
			isa = PBXContainerItemProxy;
			containerPortal = 1B2CF7242D9C3407000E922B /* Project object */;
			proxyType = 1;
			remoteGlobalIDString = 1B2CF72B2D9C3407000E922B;
			remoteInfo = JewelMaster;
		};
/* End PBXContainerItemProxy section */

/* Begin PBXFileReference section */
		1B2CF72C2D9C3407000E922B /* JewelMaster.app */ = {isa = PBXFileReference; explicitFileType = wrapper.application; includeInIndex = 0; path = JewelMaster.app; sourceTree = BUILT_PRODUCTS_DIR; };
		1B2CF73C2D9C340D000E922B /* JewelMasterTests.xctest */ = {isa = PBXFileReference; explicitFileType = wrapper.cfbundle; includeInIndex = 0; path = JewelMasterTests.xctest; sourceTree = BUILT_PRODUCTS_DIR; };
		1B2CF7462D9C340D000E922B /* JewelMasterUITests.xctest */ = {isa = PBXFileReference; explicitFileType = wrapper.cfbundle; includeInIndex = 0; path = JewelMasterUITests.xctest; sourceTree = BUILT_PRODUCTS_DIR; };
/* End PBXFileReference section */

/* Begin PBXFileSystemSynchronizedRootGroup section */
		1B2CF72E2D9C3407000E922B /* JewelMaster */ = {
			isa = PBXFileSystemSynchronizedRootGroup;
			path = JewelMaster;
			sourceTree = "<group>";
		};
		1B2CF73F2D9C340D000E922B /* JewelMasterTests */ = {
			isa = PBXFileSystemSynchronizedRootGroup;
			path = JewelMasterTests;
			sourceTree = "<group>";
		};
		1B2CF7492D9C340D000E922B /* JewelMasterUITests */ = {
			isa = PBXFileSystemSynchronizedRootGroup;
			path = JewelMasterUITests;
			sourceTree = "<group>";
		};
/* End PBXFileSystemSynchronizedRootGroup section */

/* Begin PBXFrameworksBuildPhase section */
		1B2CF7292D9C3407000E922B /* Frameworks */ = {
			isa = PBXFrameworksBuildPhase;
			buildActionMask = 2147483647;
			files = (
			);
			runOnlyForDeploymentPostprocessing = 0;
		};
		1B2CF7392D9C340D000E922B /* Frameworks */ = {
			isa = PBXFrameworksBuildPhase;
			buildActionMask = 2147483647;
			files = (
			);
			runOnlyForDeploymentPostprocessing = 0;
		};
		1B2CF7432D9C340D000E922B /* Frameworks */ = {
			isa = PBXFrameworksBuildPhase;
			buildActionMask = 2147483647;
			files = (
			);
			runOnlyForDeploymentPostprocessing = 0;
		};
/* End PBXFrameworksBuildPhase section */

/* Begin PBXGroup section */
		1B2CF7232D9C3407000E922B = {
			isa = PBXGroup;
			children = (
				1B2CF72E2D9C3407000E922B /* JewelMaster */,
				1B2CF73F2D9C340D000E922B /* JewelMasterTests */,
				1B2CF7492D9C340D000E922B /* JewelMasterUITests */,
				1B2CF72D2D9C3407000E922B /* Products */,
			);
			sourceTree = "<group>";
		};
		1B2CF72D2D9C3407000E922B /* Products */ = {
			isa = PBXGroup;
			children = (
				1B2CF72C2D9C3407000E922B /* JewelMaster.app */,
				1B2CF73C2D9C340D000E922B /* JewelMasterTests.xctest */,
				1B2CF7462D9C340D000E922B /* JewelMasterUITests.xctest */,
			);
			name = Products;
			sourceTree = "<group>";
		};
/* End PBXGroup section */

/* Begin PBXNativeTarget section */
		1B2CF72B2D9C3407000E922B /* JewelMaster */ = {
			isa = PBXNativeTarget;
			buildConfigurationList = 1B2CF7502D9C340D000E922B /* Build configuration list for PBXNativeTarget "JewelMaster" */;
			buildPhases = (
				1B2CF7282D9C3407000E922B /* Sources */,
				1B2CF7292D9C3407000E922B /* Frameworks */,
				1B2CF72A2D9C3407000E922B /* Resources */,
			);
			buildRules = (
			);
			dependencies = (
			);
			fileSystemSynchronizedGroups = (
				1B2CF72E2D9C3407000E922B /* JewelMaster */,
			);
			name = JewelMaster;
			packageProductDependencies = (
			);
			productName = JewelMaster;
			productReference = 1B2CF72C2D9C3407000E922B /* JewelMaster.app */;
			productType = "com.apple.product-type.application";
		};
		1B2CF73B2D9C340D000E922B /* JewelMasterTests */ = {
			isa = PBXNativeTarget;
			buildConfigurationList = 1B2CF7532D9C340D000E922B /* Build configuration list for PBXNativeTarget "JewelMasterTests" */;
			buildPhases = (
				1B2CF7382D9C340D000E922B /* Sources */,
				1B2CF7392D9C340D000E922B /* Frameworks */,
				1B2CF73A2D9C340D000E922B /* Resources */,
			);
			buildRules = (
			);
			dependencies = (
				1B2CF73E2D9C340D000E922B /* PBXTargetDependency */,
			);
			fileSystemSynchronizedGroups = (
				1B2CF73F2D9C340D000E922B /* JewelMasterTests */,
			);
			name = JewelMasterTests;
			packageProductDependencies = (
			);
			productName = JewelMasterTests;
			productReference = 1B2CF73C2D9C340D000E922B /* JewelMasterTests.xctest */;
			productType = "com.apple.product-type.bundle.unit-test";
		};
		1B2CF7452D9C340D000E922B /* JewelMasterUITests */ = {
			isa = PBXNativeTarget;
			buildConfigurationList = 1B2CF7562D9C340D000E922B /* Build configuration list for PBXNativeTarget "JewelMasterUITests" */;
			buildPhases = (
				1B2CF7422D9C340D000E922B /* Sources */,
				1B2CF7432D9C340D000E922B /* Frameworks */,
				1B2CF7442D9C340D000E922B /* Resources */,
			);
			buildRules = (
			);
			dependencies = (
				1B2CF7482D9C340D000E922B /* PBXTargetDependency */,
			);
			fileSystemSynchronizedGroups = (
				1B2CF7492D9C340D000E922B /* JewelMasterUITests */,
			);
			name = JewelMasterUITests;
			packageProductDependencies = (
			);
			productName = JewelMasterUITests;
			productReference = 1B2CF7462D9C340D000E922B /* JewelMasterUITests.xctest */;
			productType = "com.apple.product-type.bundle.ui-testing";
		};
/* End PBXNativeTarget section */

/* Begin PBXProject section */
		1B2CF7242D9C3407000E922B /* Project object */ = {
			isa = PBXProject;
			attributes = {
				BuildIndependentTargetsInParallel = 1;
				LastSwiftUpdateCheck = 1620;
				LastUpgradeCheck = 1620;
				TargetAttributes = {
					1B2CF72B2D9C3407000E922B = {
						CreatedOnToolsVersion = 16.2;
					};
					1B2CF73B2D9C340D000E922B = {
						CreatedOnToolsVersion = 16.2;
						TestTargetID = 1B2CF72B2D9C3407000E922B;
					};
					1B2CF7452D9C340D000E922B = {
						CreatedOnToolsVersion = 16.2;
						TestTargetID = 1B2CF72B2D9C3407000E922B;
					};
				};
			};
			buildConfigurationList = 1B2CF7272D9C3407000E922B /* Build configuration list for PBXProject "JewelMaster" */;
			developmentRegion = en;
			hasScannedForEncodings = 0;
			knownRegions = (
				en,
				Base,
			);
			mainGroup = 1B2CF7232D9C3407000E922B;
			minimizedProjectReferenceProxies = 1;
			preferredProjectObjectVersion = 77;
			productRefGroup = 1B2CF72D2D9C3407000E922B /* Products */;
			projectDirPath = "";
			projectRoot = "";
			targets = (
				1B2CF72B2D9C3407000E922B /* JewelMaster */,
				1B2CF73B2D9C340D000E922B /* JewelMasterTests */,
				1B2CF7452D9C340D000E922B /* JewelMasterUITests */,
			);
		};
/* End PBXProject section */

/* Begin PBXResourcesBuildPhase section */
		1B2CF72A2D9C3407000E922B /* Resources */ = {
			isa = PBXResourcesBuildPhase;
			buildActionMask = 2147483647;
			files = (
			);
			runOnlyForDeploymentPostprocessing = 0;
		};
		1B2CF73A2D9C340D000E922B /* Resources */ = {
			isa = PBXResourcesBuildPhase;
			buildActionMask = 2147483647;
			files = (
			);
			runOnlyForDeploymentPostprocessing = 0;
		};
		1B2CF7442D9C340D000E922B /* Resources */ = {
			isa = PBXResourcesBuildPhase;
			buildActionMask = 2147483647;
			files = (
			);
			runOnlyForDeploymentPostprocessing = 0;
		};
/* End PBXResourcesBuildPhase section */

/* Begin PBXSourcesBuildPhase section */
		1B2CF7282D9C3407000E922B /* Sources */ = {
			isa = PBXSourcesBuildPhase;
			buildActionMask = 2147483647;
			files = (
			);
			runOnlyForDeploymentPostprocessing = 0;
		};
		1B2CF7382D9C340D000E922B /* Sources */ = {
			isa = PBXSourcesBuildPhase;
			buildActionMask = 2147483647;
			files = (
			);
			runOnlyForDeploymentPostprocessing = 0;
		};
		1B2CF7422D9C340D000E922B /* Sources */ = {
			isa = PBXSourcesBuildPhase;
			buildActionMask = 2147483647;
			files = (
			);
			runOnlyForDeploymentPostprocessing = 0;
		};
/* End PBXSourcesBuildPhase section */

/* Begin PBXTargetDependency section */
		1B2CF73E2D9C340D000E922B /* PBXTargetDependency */ = {
			isa = PBXTargetDependency;
			target = 1B2CF72B2D9C3407000E922B /* JewelMaster */;
			targetProxy = 1B2CF73D2D9C340D000E922B /* PBXContainerItemProxy */;
		};
		1B2CF7482D9C340D000E922B /* PBXTargetDependency */ = {
			isa = PBXTargetDependency;
			target = 1B2CF72B2D9C3407000E922B /* JewelMaster */;
			targetProxy = 1B2CF7472D9C340D000E922B /* PBXContainerItemProxy */;
		};
/* End PBXTargetDependency section */

/* Begin XCBuildConfiguration section */
		1B2CF74E2D9C340D000E922B /* Debug */ = {
			isa = XCBuildConfiguration;
			buildSettings = {
				ALWAYS_SEARCH_USER_PATHS = NO;
				ASSETCATALOG_COMPILER_GENERATE_SWIFT_ASSET_SYMBOL_EXTENSIONS = YES;
				CLANG_ANALYZER_NONNULL = YES;
				CLANG_ANALYZER_NUMBER_OBJECT_CONVERSION = YES_AGGRESSIVE;
				CLANG_CXX_LANGUAGE_STANDARD = "gnu++20";
				CLANG_ENABLE_MODULES = YES;
				CLANG_ENABLE_OBJC_ARC = YES;
				CLANG_ENABLE_OBJC_WEAK = YES;
				CLANG_WARN_BLOCK_CAPTURE_AUTORELEASING = YES;
				CLANG_WARN_BOOL_CONVERSION = YES;
				CLANG_WARN_COMMA = YES;
				CLANG_WARN_CONSTANT_CONVERSION = YES;
				CLANG_WARN_DEPRECATED_OBJC_IMPLEMENTATIONS = YES;
				CLANG_WARN_DIRECT_OBJC_ISA_USAGE = YES_ERROR;
				CLANG_WARN_DOCUMENTATION_COMMENTS = YES;
				CLANG_WARN_EMPTY_BODY = YES;
				CLANG_WARN_ENUM_CONVERSION = YES;
				CLANG_WARN_INFINITE_RECURSION = YES;
				CLANG_WARN_INT_CONVERSION = YES;
				CLANG_WARN_NON_LITERAL_NULL_CONVERSION = YES;
				CLANG_WARN_OBJC_IMPLICIT_RETAIN_SELF = YES;
				CLANG_WARN_OBJC_LITERAL_CONVERSION = YES;
				CLANG_WARN_OBJC_ROOT_CLASS = YES_ERROR;
				CLANG_WARN_QUOTED_INCLUDE_IN_FRAMEWORK_HEADER = YES;
				CLANG_WARN_RANGE_LOOP_ANALYSIS = YES;
				CLANG_WARN_STRICT_PROTOTYPES = YES;
				CLANG_WARN_SUSPICIOUS_MOVE = YES;
				CLANG_WARN_UNGUARDED_AVAILABILITY = YES_AGGRESSIVE;
				CLANG_WARN_UNREACHABLE_CODE = YES;
				CLANG_WARN__DUPLICATE_METHOD_MATCH = YES;
				COPY_PHASE_STRIP = NO;
				DEBUG_INFORMATION_FORMAT = dwarf;
				ENABLE_STRICT_OBJC_MSGSEND = YES;
				ENABLE_TESTABILITY = YES;
				ENABLE_USER_SCRIPT_SANDBOXING = YES;
				GCC_C_LANGUAGE_STANDARD = gnu17;
				GCC_DYNAMIC_NO_PIC = NO;
				GCC_NO_COMMON_BLOCKS = YES;
				GCC_OPTIMIZATION_LEVEL = 0;
				GCC_PREPROCESSOR_DEFINITIONS = (
					"DEBUG=1",
					"$(inherited)",
				);
				GCC_WARN_64_TO_32_BIT_CONVERSION = YES;
				GCC_WARN_ABOUT_RETURN_TYPE = YES_ERROR;
				GCC_WARN_UNDECLARED_SELECTOR = YES;
				GCC_WARN_UNINITIALIZED_AUTOS = YES_AGGRESSIVE;
				GCC_WARN_UNUSED_FUNCTION = YES;
				GCC_WARN_UNUSED_VARIABLE = YES;
				IPHONEOS_DEPLOYMENT_TARGET = 18.2;
				LOCALIZATION_PREFERS_STRING_CATALOGS = YES;
				MTL_ENABLE_DEBUG_INFO = INCLUDE_SOURCE;
				MTL_FAST_MATH = YES;
				ONLY_ACTIVE_ARCH = YES;
				SDKROOT = iphoneos;
				SWIFT_ACTIVE_COMPILATION_CONDITIONS = "DEBUG $(inherited)";
				SWIFT_OPTIMIZATION_LEVEL = "-Onone";
			};
			name = Debug;
		};
		1B2CF74F2D9C340D000E922B /* Release */ = {
			isa = XCBuildConfiguration;
			buildSettings = {
				ALWAYS_SEARCH_USER_PATHS = NO;
				ASSETCATALOG_COMPILER_GENERATE_SWIFT_ASSET_SYMBOL_EXTENSIONS = YES;
				CLANG_ANALYZER_NONNULL = YES;
				CLANG_ANALYZER_NUMBER_OBJECT_CONVERSION = YES_AGGRESSIVE;
				CLANG_CXX_LANGUAGE_STANDARD = "gnu++20";
				CLANG_ENABLE_MODULES = YES;
				CLANG_ENABLE_OBJC_ARC = YES;
				CLANG_ENABLE_OBJC_WEAK = YES;
				CLANG_WARN_BLOCK_CAPTURE_AUTORELEASING = YES;
				CLANG_WARN_BOOL_CONVERSION = YES;
				CLANG_WARN_COMMA = YES;
				CLANG_WARN_CONSTANT_CONVERSION = YES;
				CLANG_WARN_DEPRECATED_OBJC_IMPLEMENTATIONS = YES;
				CLANG_WARN_DIRECT_OBJC_ISA_USAGE = YES_ERROR;
				CLANG_WARN_DOCUMENTATION_COMMENTS = YES;
				CLANG_WARN_EMPTY_BODY = YES;
				CLANG_WARN_ENUM_CONVERSION = YES;
				CLANG_WARN_INFINITE_RECURSION = YES;
				CLANG_WARN_INT_CONVERSION = YES;
				CLANG_WARN_NON_LITERAL_NULL_CONVERSION = YES;
				CLANG_WARN_OBJC_IMPLICIT_RETAIN_SELF = YES;
				CLANG_WARN_OBJC_LITERAL_CONVERSION = YES;
				CLANG_WARN_OBJC_ROOT_CLASS = YES_ERROR;
				CLANG_WARN_QUOTED_INCLUDE_IN_FRAMEWORK_HEADER = YES;
				CLANG_WARN_RANGE_LOOP_ANALYSIS = YES;
				CLANG_WARN_STRICT_PROTOTYPES = YES;
				CLANG_WARN_SUSPICIOUS_MOVE = YES;
				CLANG_WARN_UNGUARDED_AVAILABILITY = YES_AGGRESSIVE;
				CLANG_WARN_UNREACHABLE_CODE = YES;
				CLANG_WARN__DUPLICATE_METHOD_MATCH = YES;
				COPY_PHASE_STRIP = NO;
				DEBUG_INFORMATION_FORMAT = "dwarf-with-dsym";
				ENABLE_NS_ASSERTIONS = NO;
				ENABLE_STRICT_OBJC_MSGSEND = YES;
				ENABLE_USER_SCRIPT_SANDBOXING = YES;
				GCC_C_LANGUAGE_STANDARD = gnu17;
				GCC_NO_COMMON_BLOCKS = YES;
				GCC_WARN_64_TO_32_BIT_CONVERSION = YES;
				GCC_WARN_ABOUT_RETURN_TYPE = YES_ERROR;
				GCC_WARN_UNDECLARED_SELECTOR = YES;
				GCC_WARN_UNINITIALIZED_AUTOS = YES_AGGRESSIVE;
				GCC_WARN_UNUSED_FUNCTION = YES;
				GCC_WARN_UNUSED_VARIABLE = YES;
				IPHONEOS_DEPLOYMENT_TARGET = 18.2;
				LOCALIZATION_PREFERS_STRING_CATALOGS = YES;
				MTL_ENABLE_DEBUG_INFO = NO;
				MTL_FAST_MATH = YES;
				SDKROOT = iphoneos;
				SWIFT_COMPILATION_MODE = wholemodule;
				VALIDATE_PRODUCT = YES;
			};
			name = Release;
		};
		1B2CF7512D9C340D000E922B /* Debug */ = {
			isa = XCBuildConfiguration;
			buildSettings = {
				ASSETCATALOG_COMPILER_APPICON_NAME = AppIcon;
				ASSETCATALOG_COMPILER_GLOBAL_ACCENT_COLOR_NAME = AccentColor;
				CODE_SIGN_STYLE = Automatic;
				CURRENT_PROJECT_VERSION = 1;
				DEVELOPMENT_ASSET_PATHS = "\"JewelMaster/Preview Content\"";
				DEVELOPMENT_TEAM = 62QFA6GZPK;
				ENABLE_PREVIEWS = YES;
				GENERATE_INFOPLIST_FILE = YES;
				INFOPLIST_KEY_UIApplicationSceneManifest_Generation = YES;
				INFOPLIST_KEY_UIApplicationSupportsIndirectInputEvents = YES;
				INFOPLIST_KEY_UILaunchScreen_Generation = YES;
				INFOPLIST_KEY_UISupportedInterfaceOrientations_iPad = "UIInterfaceOrientationPortrait UIInterfaceOrientationPortraitUpsideDown UIInterfaceOrientationLandscapeLeft UIInterfaceOrientationLandscapeRight";
				INFOPLIST_KEY_UISupportedInterfaceOrientations_iPhone = "UIInterfaceOrientationPortrait UIInterfaceOrientationLandscapeLeft UIInterfaceOrientationLandscapeRight";
				LD_RUNPATH_SEARCH_PATHS = (
					"$(inherited)",
					"@executable_path/Frameworks",
				);
				MARKETING_VERSION = 1.0;
				PRODUCT_BUNDLE_IDENTIFIER = com.cargurus.JewelMaster;
				PRODUCT_NAME = "$(TARGET_NAME)";
				SWIFT_EMIT_LOC_STRINGS = YES;
				SWIFT_VERSION = 5.0;
				TARGETED_DEVICE_FAMILY = "1,2";
			};
			name = Debug;
		};
		1B2CF7522D9C340D000E922B /* Release */ = {
			isa = XCBuildConfiguration;
			buildSettings = {
				ASSETCATALOG_COMPILER_APPICON_NAME = AppIcon;
				ASSETCATALOG_COMPILER_GLOBAL_ACCENT_COLOR_NAME = AccentColor;
				CODE_SIGN_STYLE = Automatic;
				CURRENT_PROJECT_VERSION = 1;
				DEVELOPMENT_ASSET_PATHS = "\"JewelMaster/Preview Content\"";
				DEVELOPMENT_TEAM = 62QFA6GZPK;
				ENABLE_PREVIEWS = YES;
				GENERATE_INFOPLIST_FILE = YES;
				INFOPLIST_KEY_UIApplicationSceneManifest_Generation = YES;
				INFOPLIST_KEY_UIApplicationSupportsIndirectInputEvents = YES;
				INFOPLIST_KEY_UILaunchScreen_Generation = YES;
				INFOPLIST_KEY_UISupportedInterfaceOrientations_iPad = "UIInterfaceOrientationPortrait UIInterfaceOrientationPortraitUpsideDown UIInterfaceOrientationLandscapeLeft UIInterfaceOrientationLandscapeRight";
				INFOPLIST_KEY_UISupportedInterfaceOrientations_iPhone = "UIInterfaceOrientationPortrait UIInterfaceOrientationLandscapeLeft UIInterfaceOrientationLandscapeRight";
				LD_RUNPATH_SEARCH_PATHS = (
					"$(inherited)",
					"@executable_path/Frameworks",
				);
				MARKETING_VERSION = 1.0;
				PRODUCT_BUNDLE_IDENTIFIER = com.cargurus.JewelMaster;
				PRODUCT_NAME = "$(TARGET_NAME)";
				SWIFT_EMIT_LOC_STRINGS = YES;
				SWIFT_VERSION = 5.0;
				TARGETED_DEVICE_FAMILY = "1,2";
			};
			name = Release;
		};
		1B2CF7542D9C340D000E922B /* Debug */ = {
			isa = XCBuildConfiguration;
			buildSettings = {
				BUNDLE_LOADER = "$(TEST_HOST)";
				CODE_SIGN_STYLE = Automatic;
				CURRENT_PROJECT_VERSION = 1;
				DEVELOPMENT_TEAM = 62QFA6GZPK;
				GENERATE_INFOPLIST_FILE = YES;
				IPHONEOS_DEPLOYMENT_TARGET = 18.2;
				MARKETING_VERSION = 1.0;
				PRODUCT_BUNDLE_IDENTIFIER = com.cargurus.JewelMasterTests;
				PRODUCT_NAME = "$(TARGET_NAME)";
				SWIFT_EMIT_LOC_STRINGS = NO;
				SWIFT_VERSION = 5.0;
				TARGETED_DEVICE_FAMILY = "1,2";
				TEST_HOST = "$(BUILT_PRODUCTS_DIR)/JewelMaster.app/$(BUNDLE_EXECUTABLE_FOLDER_PATH)/JewelMaster";
			};
			name = Debug;
		};
		1B2CF7552D9C340D000E922B /* Release */ = {
			isa = XCBuildConfiguration;
			buildSettings = {
				BUNDLE_LOADER = "$(TEST_HOST)";
				CODE_SIGN_STYLE = Automatic;
				CURRENT_PROJECT_VERSION = 1;
				DEVELOPMENT_TEAM = 62QFA6GZPK;
				GENERATE_INFOPLIST_FILE = YES;
				IPHONEOS_DEPLOYMENT_TARGET = 18.2;
				MARKETING_VERSION = 1.0;
				PRODUCT_BUNDLE_IDENTIFIER = com.cargurus.JewelMasterTests;
				PRODUCT_NAME = "$(TARGET_NAME)";
				SWIFT_EMIT_LOC_STRINGS = NO;
				SWIFT_VERSION = 5.0;
				TARGETED_DEVICE_FAMILY = "1,2";
				TEST_HOST = "$(BUILT_PRODUCTS_DIR)/JewelMaster.app/$(BUNDLE_EXECUTABLE_FOLDER_PATH)/JewelMaster";
			};
			name = Release;
		};
		1B2CF7572D9C340D000E922B /* Debug */ = {
			isa = XCBuildConfiguration;
			buildSettings = {
				CODE_SIGN_STYLE = Automatic;
				CURRENT_PROJECT_VERSION = 1;
				DEVELOPMENT_TEAM = 62QFA6GZPK;
				GENERATE_INFOPLIST_FILE = YES;
				MARKETING_VERSION = 1.0;
				PRODUCT_BUNDLE_IDENTIFIER = com.cargurus.JewelMasterUITests;
				PRODUCT_NAME = "$(TARGET_NAME)";
				SWIFT_EMIT_LOC_STRINGS = NO;
				SWIFT_VERSION = 5.0;
				TARGETED_DEVICE_FAMILY = "1,2";
				TEST_TARGET_NAME = JewelMaster;
			};
			name = Debug;
		};
		1B2CF7582D9C340D000E922B /* Release */ = {
			isa = XCBuildConfiguration;
			buildSettings = {
				CODE_SIGN_STYLE = Automatic;
				CURRENT_PROJECT_VERSION = 1;
				DEVELOPMENT_TEAM = 62QFA6GZPK;
				GENERATE_INFOPLIST_FILE = YES;
				MARKETING_VERSION = 1.0;
				PRODUCT_BUNDLE_IDENTIFIER = com.cargurus.JewelMasterUITests;
				PRODUCT_NAME = "$(TARGET_NAME)";
				SWIFT_EMIT_LOC_STRINGS = NO;
				SWIFT_VERSION = 5.0;
				TARGETED_DEVICE_FAMILY = "1,2";
				TEST_TARGET_NAME = JewelMaster;
			};
			name = Release;
		};
/* End XCBuildConfiguration section */

/* Begin XCConfigurationList section */
		1B2CF7272D9C3407000E922B /* Build configuration list for PBXProject "JewelMaster" */ = {
			isa = XCConfigurationList;
			buildConfigurations = (
				1B2CF74E2D9C340D000E922B /* Debug */,
				1B2CF74F2D9C340D000E922B /* Release */,
			);
			defaultConfigurationIsVisible = 0;
			defaultConfigurationName = Release;
		};
		1B2CF7502D9C340D000E922B /* Build configuration list for PBXNativeTarget "JewelMaster" */ = {
			isa = XCConfigurationList;
			buildConfigurations = (
				1B2CF7512D9C340D000E922B /* Debug */,
				1B2CF7522D9C340D000E922B /* Release */,
			);
			defaultConfigurationIsVisible = 0;
			defaultConfigurationName = Release;
		};
		1B2CF7532D9C340D000E922B /* Build configuration list for PBXNativeTarget "JewelMasterTests" */ = {
			isa = XCConfigurationList;
			buildConfigurations = (
				1B2CF7542D9C340D000E922B /* Debug */,
				1B2CF7552D9C340D000E922B /* Release */,
			);
			defaultConfigurationIsVisible = 0;
			defaultConfigurationName = Release;
		};
		1B2CF7562D9C340D000E922B /* Build configuration list for PBXNativeTarget "JewelMasterUITests" */ = {
			isa = XCConfigurationList;
			buildConfigurations = (
				1B2CF7572D9C340D000E922B /* Debug */,
				1B2CF7582D9C340D000E922B /* Release */,
			);
			defaultConfigurationIsVisible = 0;
			defaultConfigurationName = Release;
		};
/* End XCConfigurationList section */
	};
	rootObject = 1B2CF7242D9C3407000E922B /* Project object */;
}
